// !$*UTF8*$!
{
	archiveVersion = 1;
	classes = {
	};
	objectVersion = 45;
	objects = {

/* Begin PBXBuildFile section */
		453CC91C136D6168001BA734 /* CoreFoundation.framework in Frameworks */ = {isa = PBXBuildFile; fileRef = 453CC91B136D6168001BA734 /* CoreFoundation.framework */; };
		453CC943136D6E46001BA734 /* configfile.cpp in Sources */ = {isa = PBXBuildFile; fileRef = 453CC941136D6E46001BA734 /* configfile.cpp */; };
		453DB4D513770D3C009D22D3 /* HttpClass.cc in Sources */ = {isa = PBXBuildFile; fileRef = 453DB4D313770D3C009D22D3 /* HttpClass.cc */; };
		4580A045133E7C2B00EEABB8 /* libpthread.dylib in Frameworks */ = {isa = PBXBuildFile; fileRef = 4580A044133E7C2B00EEABB8 /* libpthread.dylib */; settings = {ATTRIBUTES = (Required, ); }; };
		45BB317A135EDC2300601783 /* common.cc in Sources */ = {isa = PBXBuildFile; fileRef = 45BB316D135EDC2300601783 /* common.cc */; };
		45BB317B135EDC2300601783 /* fork.cc in Sources */ = {isa = PBXBuildFile; fileRef = 45BB316F135EDC2300601783 /* fork.cc */; };
		45BB317C135EDC2300601783 /* gcd.cc in Sources */ = {isa = PBXBuildFile; fileRef = 45BB3171135EDC2300601783 /* gcd.cc */; };
		45BB317D135EDC2300601783 /* main.cc in Sources */ = {isa = PBXBuildFile; fileRef = 45BB3173135EDC2300601783 /* main.cc */; };
		45BB317F135EDC2300601783 /* pthreads.cc in Sources */ = {isa = PBXBuildFile; fileRef = 45BB3176135EDC2300601783 /* pthreads.cc */; };
		45BB3180135EDC2300601783 /* request.cc in Sources */ = {isa = PBXBuildFile; fileRef = 45BB3178135EDC2300601783 /* request.cc */; };
/* End PBXBuildFile section */

/* Begin PBXCopyFilesBuildPhase section */
		8DD76FAF0486AB0100D96B5E /* CopyFiles */ = {
			isa = PBXCopyFilesBuildPhase;
			buildActionMask = 8;
			dstPath = /usr/share/man/man1/;
			dstSubfolderSpec = 0;
			files = (
			);
			runOnlyForDeploymentPostprocessing = 1;
		};
/* End PBXCopyFilesBuildPhase section */

/* Begin PBXFileReference section */
		453CC91B136D6168001BA734 /* CoreFoundation.framework */ = {isa = PBXFileReference; lastKnownFileType = wrapper.framework; name = CoreFoundation.framework; path = System/Library/Frameworks/CoreFoundation.framework; sourceTree = SDKROOT; };
		453CC941136D6E46001BA734 /* configfile.cpp */ = {isa = PBXFileReference; fileEncoding = 4; lastKnownFileType = sourcecode.cpp.cpp; name = configfile.cpp; path = src/lib/configfile/configfile.cpp; sourceTree = "<group>"; };
		453CC942136D6E46001BA734 /* configfile.h */ = {isa = PBXFileReference; fileEncoding = 4; lastKnownFileType = sourcecode.c.h; name = configfile.h; path = src/lib/configfile/configfile.h; sourceTree = "<group>"; };
		453DB4D313770D3C009D22D3 /* HttpClass.cc */ = {isa = PBXFileReference; fileEncoding = 4; lastKnownFileType = sourcecode.cpp.cpp; name = HttpClass.cc; path = src/HttpClass.cc; sourceTree = "<group>"; };
		453DB4D413770D3C009D22D3 /* HttpClass.h */ = {isa = PBXFileReference; fileEncoding = 4; lastKnownFileType = sourcecode.c.h; name = HttpClass.h; path = src/HttpClass.h; sourceTree = "<group>"; };
		4580A044133E7C2B00EEABB8 /* libpthread.dylib */ = {isa = PBXFileReference; lastKnownFileType = "compiled.mach-o.dylib"; name = libpthread.dylib; path = usr/lib/libpthread.dylib; sourceTree = SDKROOT; };
		45B090EC133F46120085B21B /* test.rb */ = {isa = PBXFileReference; fileEncoding = 4; lastKnownFileType = text.script.ruby; path = test.rb; sourceTree = "<group>"; };
		45B13B9C137458430059ED18 /* semaphore.rb */ = {isa = PBXFileReference; fileEncoding = 4; lastKnownFileType = text.script.ruby; path = semaphore.rb; sourceTree = "<group>"; };
		45BB316D135EDC2300601783 /* common.cc */ = {isa = PBXFileReference; fileEncoding = 4; lastKnownFileType = sourcecode.cpp.cpp; name = common.cc; path = src/common.cc; sourceTree = "<group>"; };
		45BB316E135EDC2300601783 /* common.h */ = {isa = PBXFileReference; fileEncoding = 4; lastKnownFileType = sourcecode.c.h; name = common.h; path = src/common.h; sourceTree = "<group>"; };
		45BB316F135EDC2300601783 /* fork.cc */ = {isa = PBXFileReference; fileEncoding = 4; lastKnownFileType = sourcecode.cpp.cpp; name = fork.cc; path = src/fork.cc; sourceTree = "<group>"; };
		45BB3170135EDC2300601783 /* fork.h */ = {isa = PBXFileReference; fileEncoding = 4; lastKnownFileType = sourcecode.c.h; name = fork.h; path = src/fork.h; sourceTree = "<group>"; };
		45BB3171135EDC2300601783 /* gcd.cc */ = {isa = PBXFileReference; fileEncoding = 4; lastKnownFileType = sourcecode.cpp.cpp; name = gcd.cc; path = src/gcd.cc; sourceTree = "<group>"; };
		45BB3172135EDC2300601783 /* gcd.h */ = {isa = PBXFileReference; fileEncoding = 4; lastKnownFileType = sourcecode.c.h; name = gcd.h; path = src/gcd.h; sourceTree = "<group>"; };
		45BB3173135EDC2300601783 /* main.cc */ = {isa = PBXFileReference; fileEncoding = 4; lastKnownFileType = sourcecode.cpp.cpp; name = main.cc; path = src/main.cc; sourceTree = "<group>"; };
		45BB3176135EDC2300601783 /* pthreads.cc */ = {isa = PBXFileReference; fileEncoding = 4; lastKnownFileType = sourcecode.cpp.cpp; name = pthreads.cc; path = src/pthreads.cc; sourceTree = "<group>"; };
		45BB3177135EDC2300601783 /* pthreads.h */ = {isa = PBXFileReference; fileEncoding = 4; lastKnownFileType = sourcecode.c.h; name = pthreads.h; path = src/pthreads.h; sourceTree = "<group>"; };
		45BB3178135EDC2300601783 /* request.cc */ = {isa = PBXFileReference; fileEncoding = 4; lastKnownFileType = sourcecode.cpp.cpp; name = request.cc; path = src/request.cc; sourceTree = "<group>"; };
		45BB3179135EDC2300601783 /* request.h */ = {isa = PBXFileReference; fileEncoding = 4; lastKnownFileType = sourcecode.c.h; name = request.h; path = src/request.h; sourceTree = "<group>"; };
		45BB319A135EE40E00601783 /* config_sample.cfg */ = {isa = PBXFileReference; fileEncoding = 4; lastKnownFileType = text; path = config_sample.cfg; sourceTree = "<group>"; };
		8DD76FB20486AB0100D96B5E /* httpserver */ = {isa = PBXFileReference; explicitFileType = "compiled.mach-o.executable"; includeInIndex = 0; path = httpserver; sourceTree = BUILT_PRODUCTS_DIR; };
/* End PBXFileReference section */

/* Begin PBXFrameworksBuildPhase section */
		8DD76FAD0486AB0100D96B5E /* Frameworks */ = {
			isa = PBXFrameworksBuildPhase;
			buildActionMask = 2147483647;
			files = (
				453CC91C136D6168001BA734 /* CoreFoundation.framework in Frameworks */,
				4580A045133E7C2B00EEABB8 /* libpthread.dylib in Frameworks */,
			);
			runOnlyForDeploymentPostprocessing = 0;
		};
/* End PBXFrameworksBuildPhase section */

/* Begin PBXGroup section */
		08FB7794FE84155DC02AAC07 /* httpserver */ = {
			isa = PBXGroup;
			children = (
				453CC91B136D6168001BA734 /* CoreFoundation.framework */,
				08FB7795FE84155DC02AAC07 /* Source */,
				1AB674ADFE9D54B511CA2CBB /* Products */,
			);
			name = httpserver;
			sourceTree = "<group>";
		};
		08FB7795FE84155DC02AAC07 /* Source */ = {
			isa = PBXGroup;
			children = (
				4580A044133E7C2B00EEABB8 /* libpthread.dylib */,
				45BB3199135EE2E900601783 /* classes */,
				45DC08721312BE2D00515ED9 /* implementations */,
				45BB316D135EDC2300601783 /* common.cc */,
				45BB316E135EDC2300601783 /* common.h */,
				45BB3173135EDC2300601783 /* main.cc */,
				45BB3178135EDC2300601783 /* request.cc */,
				45BB3179135EDC2300601783 /* request.h */,
				45B13B9C137458430059ED18 /* semaphore.rb */,
				45B090EC133F46120085B21B /* test.rb */,
				45BB319A135EE40E00601783 /* config_sample.cfg */,
			);
			name = Source;
			sourceTree = "<group>";
		};
		1AB674ADFE9D54B511CA2CBB /* Products */ = {
			isa = PBXGroup;
			children = (
				8DD76FB20486AB0100D96B5E /* httpserver */,
			);
			name = Products;
			sourceTree = "<group>";
		};
		45BB3199135EE2E900601783 /* classes */ = {
			isa = PBXGroup;
			children = (
				453DB4D313770D3C009D22D3 /* HttpClass.cc */,
				453DB4D413770D3C009D22D3 /* HttpClass.h */,
				453CC941136D6E46001BA734 /* configfile.cpp */,
				453CC942136D6E46001BA734 /* configfile.h */,
			);
			name = classes;
			sourceTree = "<group>";
		};
		45DC08721312BE2D00515ED9 /* implementations */ = {
			isa = PBXGroup;
			children = (
				45BB316F135EDC2300601783 /* fork.cc */,
				45BB3170135EDC2300601783 /* fork.h */,
				45BB3171135EDC2300601783 /* gcd.cc */,
				45BB3172135EDC2300601783 /* gcd.h */,
				45BB3176135EDC2300601783 /* pthreads.cc */,
				45BB3177135EDC2300601783 /* pthreads.h */,
			);
			name = implementations;
			sourceTree = "<group>";
		};
/* End PBXGroup section */

/* Begin PBXNativeTarget section */
		8DD76FA90486AB0100D96B5E /* httpserver */ = {
			isa = PBXNativeTarget;
			buildConfigurationList = 1DEB928508733DD80010E9CD /* Build configuration list for PBXNativeTarget "httpserver" */;
			buildPhases = (
				8DD76FAB0486AB0100D96B5E /* Sources */,
				8DD76FAD0486AB0100D96B5E /* Frameworks */,
				8DD76FAF0486AB0100D96B5E /* CopyFiles */,
			);
			buildRules = (
			);
			dependencies = (
			);
			name = httpserver;
			productInstallPath = "$(HOME)/bin";
			productName = httpserver;
			productReference = 8DD76FB20486AB0100D96B5E /* httpserver */;
			productType = "com.apple.product-type.tool";
		};
/* End PBXNativeTarget section */

/* Begin PBXProject section */
		08FB7793FE84155DC02AAC07 /* Project object */ = {
			isa = PBXProject;
			buildConfigurationList = 1DEB928908733DD80010E9CD /* Build configuration list for PBXProject "httpserver" */;
			compatibilityVersion = "Xcode 3.1";
			developmentRegion = English;
			hasScannedForEncodings = 1;
			knownRegions = (
				en,
			);
			mainGroup = 08FB7794FE84155DC02AAC07 /* httpserver */;
			projectDirPath = "";
			projectRoot = "";
			targets = (
				8DD76FA90486AB0100D96B5E /* httpserver */,
			);
		};
/* End PBXProject section */

/* Begin PBXSourcesBuildPhase section */
		8DD76FAB0486AB0100D96B5E /* Sources */ = {
			isa = PBXSourcesBuildPhase;
			buildActionMask = 2147483647;
			files = (
				45BB317A135EDC2300601783 /* common.cc in Sources */,
				45BB317B135EDC2300601783 /* fork.cc in Sources */,
				45BB317C135EDC2300601783 /* gcd.cc in Sources */,
				45BB317D135EDC2300601783 /* main.cc in Sources */,
				45BB317F135EDC2300601783 /* pthreads.cc in Sources */,
				45BB3180135EDC2300601783 /* request.cc in Sources */,
				453CC943136D6E46001BA734 /* configfile.cpp in Sources */,
				453DB4D513770D3C009D22D3 /* HttpClass.cc in Sources */,
			);
			runOnlyForDeploymentPostprocessing = 0;
		};
/* End PBXSourcesBuildPhase section */

/* Begin XCBuildConfiguration section */
		1DEB928608733DD80010E9CD /* Debug */ = {
			isa = XCBuildConfiguration;
			buildSettings = {
				ALWAYS_SEARCH_USER_PATHS = NO;
				COPY_PHASE_STRIP = NO;
				GCC_DYNAMIC_NO_PIC = NO;
				GCC_ENABLE_FIX_AND_CONTINUE = YES;
				GCC_MODEL_TUNING = G5;
				GCC_OPTIMIZATION_LEVEL = 0;
				INSTALL_PATH = /usr/local/bin;
				PRODUCT_NAME = httpserver;
			};
			name = Debug;
		};
		1DEB928708733DD80010E9CD /* Release */ = {
			isa = XCBuildConfiguration;
			buildSettings = {
				ALWAYS_SEARCH_USER_PATHS = NO;
				DEBUG_INFORMATION_FORMAT = "dwarf-with-dsym";
				GCC_MODEL_TUNING = G5;
				INSTALL_PATH = /usr/local/bin;
				PRODUCT_NAME = httpserver;
			};
			name = Release;
		};
		1DEB928A08733DD80010E9CD /* Debug */ = {
			isa = XCBuildConfiguration;
			buildSettings = {
				ARCHS = "$(ARCHS_STANDARD_32_64_BIT)";
				GCC_C_LANGUAGE_STANDARD = gnu99;
				GCC_OPTIMIZATION_LEVEL = 0;
				GCC_WARN_ABOUT_RETURN_TYPE = YES;
				GCC_WARN_UNUSED_VARIABLE = YES;
				MACOSX_DEPLOYMENT_TARGET = 10.6;
				ONLY_ACTIVE_ARCH = YES;
				PREBINDING = NO;
				SDKROOT = macosx10.6;
			};
			name = Debug;
		};
		1DEB928B08733DD80010E9CD /* Release */ = {
			isa = XCBuildConfiguration;
			buildSettings = {
				ARCHS = "$(ARCHS_STANDARD_32_64_BIT)";
				GCC_C_LANGUAGE_STANDARD = gnu99;
				GCC_WARN_ABOUT_RETURN_TYPE = YES;
				GCC_WARN_UNUSED_VARIABLE = YES;
				MACOSX_DEPLOYMENT_TARGET = 10.6;
				PREBINDING = NO;
				SDKROOT = macosx10.6;
			};
			name = Release;
		};
/* End XCBuildConfiguration section */

/* Begin XCConfigurationList section */
		1DEB928508733DD80010E9CD /* Build configuration list for PBXNativeTarget "httpserver" */ = {
			isa = XCConfigurationList;
			buildConfigurations = (
				1DEB928608733DD80010E9CD /* Debug */,
				1DEB928708733DD80010E9CD /* Release */,
			);
			defaultConfigurationIsVisible = 0;
			defaultConfigurationName = Release;
		};
		1DEB928908733DD80010E9CD /* Build configuration list for PBXProject "httpserver" */ = {
			isa = XCConfigurationList;
			buildConfigurations = (
				1DEB928A08733DD80010E9CD /* Debug */,
				1DEB928B08733DD80010E9CD /* Release */,
			);
			defaultConfigurationIsVisible = 0;
			defaultConfigurationName = Release;
		};
/* End XCConfigurationList section */
	};
	rootObject = 08FB7793FE84155DC02AAC07 /* Project object */;
}
